
Microsoft Visual Studio Solution File, Format Version 12.00
# Visual Studio Version 17
VisualStudioVersion = 17.2.32526.322
MinimumVisualStudioVersion = 10.0.40219.1
Project("{FAE04EC0-301F-11D3-BF4B-00C04F79EFBC}") = "LinGuGu3", "LinGuGu3.csproj", "{F09D511B-00D0-4A7E-913B-D1E4A581EE4B}"
EndProject
Global
	GlobalSection(SolutionConfigurationPlatforms) = preSolution
		Debug|Any CPU = Debug|Any CPU
		Release|Any CPU = Release|Any CPU
	EndGlobalSection
	GlobalSection(ProjectConfigurationPlatforms) = postSolution
		{F09D511B-00D0-4A7E-913B-D1E4A581EE4B}.Debug|Any CPU.ActiveCfg = Debug|Any CPU
		{F09D511B-00D0-4A7E-913B-D1E4A581EE4B}.Debug|Any CPU.Build.0 = Debug|Any CPU
		{F09D511B-00D0-4A7E-913B-D1E4A581EE4B}.Release|Any CPU.ActiveCfg = Release|Any CPU
		{F09D511B-00D0-4A7E-913B-D1E4A581EE4B}.Release|Any CPU.Build.0 = Release|Any CPU
	EndGlobalSection
	GlobalSection(SolutionProperties) = preSolution
		HideSolutionNode = FALSE
	EndGlobalSection
	GlobalSection(ExtensibilityGlobals) = postSolution
		SolutionGuid = {48195CB3-DC20-404D-A7AE-30C3A8FD594F}
	EndGlobalSection
EndGlobal
